
Microsoft Visual Studio Solution File, Format Version 12.00
# Visual Studio Version 17
VisualStudioVersion = 17.11.35327.3
MinimumVisualStudioVersion = 10.0.40219.1
Project("{8BC9CEB8-8B4A-11D0-8D11-00A0C91BC942}") = "front", "front\front.vcxproj", "{253531EB-A308-4D52-8605-B1803DFE3B32}"
EndProject
Global
	GlobalSection(SolutionConfigurationPlatforms) = preSolution
		Debug|x64 = Debug|x64
		Debug|x86 = Debug|x86
		Release|x64 = Release|x64
		Release|x86 = Release|x86
	EndGlobalSection
	GlobalSection(ProjectConfigurationPlatforms) = postSolution
		{253531EB-A308-4D52-8605-B1803DFE3B32}.Debug|x64.ActiveCfg = Debug|x64
		{253531EB-A308-4D52-8605-B1803DFE3B32}.Debug|x64.Build.0 = Debug|x64
		{253531EB-A308-4D52-8605-B1803DFE3B32}.Debug|x86.ActiveCfg = Debug|Win32
		{253531EB-A308-4D52-8605-B1803DFE3B32}.Debug|x86.Build.0 = Debug|Win32
		{253531EB-A308-4D52-8605-B1803DFE3B32}.Release|x64.ActiveCfg = Release|x64
		{253531EB-A308-4D52-8605-B1803DFE3B32}.Release|x64.Build.0 = Release|x64
		{253531EB-A308-4D52-8605-B1803DFE3B32}.Release|x86.ActiveCfg = Release|Win32
		{253531EB-A308-4D52-8605-B1803DFE3B32}.Release|x86.Build.0 = Release|Win32
	EndGlobalSection
	GlobalSection(SolutionProperties) = preSolution
		HideSolutionNode = FALSE
	EndGlobalSection
	GlobalSection(ExtensibilityGlobals) = postSolution
		SolutionGuid = {D6D6D787-761D-440D-9AF4-1A5946D427F8}
	EndGlobalSection
EndGlobal
